
Microsoft Visual Studio Solution File, Format Version 12.00
# Visual Studio Version 17
VisualStudioVersion = 17.7.34221.43
MinimumVisualStudioVersion = 10.0.40219.1
Project("{FAE04EC0-301F-11D3-BF4B-00C04F79EFBC}") = "M3L4 async", "M3L4 async\M3L4 async.csproj", "{2CCE1181-E375-40CC-BFF8-19FCE5AD4FD4}"
EndProject
Global
	GlobalSection(SolutionConfigurationPlatforms) = preSolution
		Debug|Any CPU = Debug|Any CPU
		Release|Any CPU = Release|Any CPU
	EndGlobalSection
	GlobalSection(ProjectConfigurationPlatforms) = postSolution
		{2CCE1181-E375-40CC-BFF8-19FCE5AD4FD4}.Debug|Any CPU.ActiveCfg = Debug|Any CPU
		{2CCE1181-E375-40CC-BFF8-19FCE5AD4FD4}.Debug|Any CPU.Build.0 = Debug|Any CPU
		{2CCE1181-E375-40CC-BFF8-19FCE5AD4FD4}.Release|Any CPU.ActiveCfg = Release|Any CPU
		{2CCE1181-E375-40CC-BFF8-19FCE5AD4FD4}.Release|Any CPU.Build.0 = Release|Any CPU
	EndGlobalSection
	GlobalSection(SolutionProperties) = preSolution
		HideSolutionNode = FALSE
	EndGlobalSection
	GlobalSection(ExtensibilityGlobals) = postSolution
		SolutionGuid = {A681C4B6-067E-40A7-9153-E04E5D6B21AD}
	EndGlobalSection
EndGlobal
